{
  "name": "kepler-advisory-metadata-fixture",
  "version": "1.0.0",
  "lockfileVersion": 3,
  "requires": true,
  "packages": {
    "": {
      "name": "kepler-advisory-metadata-fixture",
      "version": "1.0.0",
      "dependencies": {
        "flatmap-stream": "0.1.1",
        "example-app-next": "1.0.0",
        "custom-solutions": "20.8.9",
        "lodash": "4.17.21"
      }
    },
    "node_modules/flatmap-stream": {
      "version": "0.1.1"
    },
    "node_modules/example-app-next": {
      "version": "1.0.0"
    },
    "node_modules/custom-solutions": {
      "version": "20.8.9"
    },
    "node_modules/lodash": {
      "version": "4.17.21"
    }
  }
}
